
Microsoft Visual Studio Solution File, Format Version 12.00
# Visual Studio 2017
Project("{FAE04EC0-301F-11D3-BF4B-00C04F79EFBC}") = "Shooter-Game-master", "Shooter-Game-master.csproj", "{AD163FB7-4B44-F2E3-C230-EADB73825D07}"
EndProject
Project("{FAE04EC0-301F-11D3-BF4B-00C04F79EFBC}") = "Shooter-Game-master.Editor", "Shooter-Game-master.Editor.csproj", "{20355421-7E99-CB2A-CBCD-6EF0DE4EF4E5}"
EndProject
Global
	GlobalSection(SolutionConfigurationPlatforms) = preSolution
		Debug|Any CPU = Debug|Any CPU
		Release|Any CPU = Release|Any CPU
	EndGlobalSection
	GlobalSection(ProjectConfigurationPlatforms) = postSolution
		{AD163FB7-4B44-F2E3-C230-EADB73825D07}.Debug|Any CPU.ActiveCfg = Debug|Any CPU
		{AD163FB7-4B44-F2E3-C230-EADB73825D07}.Debug|Any CPU.Build.0 = Debug|Any CPU
		{AD163FB7-4B44-F2E3-C230-EADB73825D07}.Release|Any CPU.ActiveCfg = Release|Any CPU
		{AD163FB7-4B44-F2E3-C230-EADB73825D07}.Release|Any CPU.Build.0 = Release|Any CPU
		{20355421-7E99-CB2A-CBCD-6EF0DE4EF4E5}.Debug|Any CPU.ActiveCfg = Debug|Any CPU
		{20355421-7E99-CB2A-CBCD-6EF0DE4EF4E5}.Debug|Any CPU.Build.0 = Debug|Any CPU
		{20355421-7E99-CB2A-CBCD-6EF0DE4EF4E5}.Release|Any CPU.ActiveCfg = Release|Any CPU
		{20355421-7E99-CB2A-CBCD-6EF0DE4EF4E5}.Release|Any CPU.Build.0 = Release|Any CPU
	EndGlobalSection
	GlobalSection(SolutionProperties) = preSolution
		HideSolutionNode = FALSE
	EndGlobalSection
EndGlobal
